
Microsoft Visual Studio Solution File, Format Version 12.00
# Visual Studio Version 16
VisualStudioVersion = 16.0.31729.503
MinimumVisualStudioVersion = 10.0.40219.1
Project("{9A19103F-16F7-4668-BE54-9A1E7A4F7556}") = "DernekOtomasyonu.Bussiness", "DernekOtomasyonu.Bussiness\DernekOtomasyonu.Bussiness.csproj", "{3B0740C6-F025-44EB-927F-BCA2EEE3C399}"
EndProject
Project("{9A19103F-16F7-4668-BE54-9A1E7A4F7556}") = "DernekOtomasyonu.DAL", "DernekOtomasyonu.DAL\DernekOtomasyonu.DAL.csproj", "{740B0DC4-2627-4D67-AF54-9CE5E2E30AA0}"
EndProject
Project("{9A19103F-16F7-4668-BE54-9A1E7A4F7556}") = "DernekOtomasyonu.Entities", "DernekOtomasyonu.Entities\DernekOtomasyonu.Entities.csproj", "{0ADF36CC-0E6A-4E60-84F1-CDDFBA5E4820}"
EndProject
Project("{9A19103F-16F7-4668-BE54-9A1E7A4F7556}") = "DernekOtomasyonu.UI", "DernekOtomasyonu.UI\DernekOtomasyonu.UI.csproj", "{62B2F64F-9ED5-49F8-AE20-05CECF883DCB}"
EndProject
Global
	GlobalSection(SolutionConfigurationPlatforms) = preSolution
		Debug|Any CPU = Debug|Any CPU
		Release|Any CPU = Release|Any CPU
	EndGlobalSection
	GlobalSection(ProjectConfigurationPlatforms) = postSolution
		{3B0740C6-F025-44EB-927F-BCA2EEE3C399}.Debug|Any CPU.ActiveCfg = Debug|Any CPU
		{3B0740C6-F025-44EB-927F-BCA2EEE3C399}.Debug|Any CPU.Build.0 = Debug|Any CPU
		{3B0740C6-F025-44EB-927F-BCA2EEE3C399}.Release|Any CPU.ActiveCfg = Release|Any CPU
		{3B0740C6-F025-44EB-927F-BCA2EEE3C399}.Release|Any CPU.Build.0 = Release|Any CPU
		{740B0DC4-2627-4D67-AF54-9CE5E2E30AA0}.Debug|Any CPU.ActiveCfg = Debug|Any CPU
		{740B0DC4-2627-4D67-AF54-9CE5E2E30AA0}.Debug|Any CPU.Build.0 = Debug|Any CPU
		{740B0DC4-2627-4D67-AF54-9CE5E2E30AA0}.Release|Any CPU.ActiveCfg = Release|Any CPU
		{740B0DC4-2627-4D67-AF54-9CE5E2E30AA0}.Release|Any CPU.Build.0 = Release|Any CPU
		{0ADF36CC-0E6A-4E60-84F1-CDDFBA5E4820}.Debug|Any CPU.ActiveCfg = Debug|Any CPU
		{0ADF36CC-0E6A-4E60-84F1-CDDFBA5E4820}.Debug|Any CPU.Build.0 = Debug|Any CPU
		{0ADF36CC-0E6A-4E60-84F1-CDDFBA5E4820}.Release|Any CPU.ActiveCfg = Release|Any CPU
		{0ADF36CC-0E6A-4E60-84F1-CDDFBA5E4820}.Release|Any CPU.Build.0 = Release|Any CPU
		{62B2F64F-9ED5-49F8-AE20-05CECF883DCB}.Debug|Any CPU.ActiveCfg = Debug|Any CPU
		{62B2F64F-9ED5-49F8-AE20-05CECF883DCB}.Debug|Any CPU.Build.0 = Debug|Any CPU
		{62B2F64F-9ED5-49F8-AE20-05CECF883DCB}.Release|Any CPU.ActiveCfg = Release|Any CPU
		{62B2F64F-9ED5-49F8-AE20-05CECF883DCB}.Release|Any CPU.Build.0 = Release|Any CPU
	EndGlobalSection
	GlobalSection(SolutionProperties) = preSolution
		HideSolutionNode = FALSE
	EndGlobalSection
	GlobalSection(ExtensibilityGlobals) = postSolution
		SolutionGuid = {63B4635F-80F0-455A-A247-219B02F0D7EA}
	EndGlobalSection
EndGlobal
